
Microsoft Visual Studio Solution File, Format Version 12.00
# Visual Studio Version 17
VisualStudioVersion = 17.4.33403.182
MinimumVisualStudioVersion = 10.0.40219.1
Project("{FAE04EC0-301F-11D3-BF4B-00C04F79EFBC}") = "ImoveableRefactoredApp", "ImoveableRefactoredApp.csproj", "{1DF87639-AEBB-4F85-BE13-C22CB09E989A}"
EndProject
Global
	GlobalSection(SolutionConfigurationPlatforms) = preSolution
		Debug|Any CPU = Debug|Any CPU
		Release|Any CPU = Release|Any CPU
	EndGlobalSection
	GlobalSection(ProjectConfigurationPlatforms) = postSolution
		{1DF87639-AEBB-4F85-BE13-C22CB09E989A}.Debug|Any CPU.ActiveCfg = Debug|Any CPU
		{1DF87639-AEBB-4F85-BE13-C22CB09E989A}.Debug|Any CPU.Build.0 = Debug|Any CPU
		{1DF87639-AEBB-4F85-BE13-C22CB09E989A}.Release|Any CPU.ActiveCfg = Release|Any CPU
		{1DF87639-AEBB-4F85-BE13-C22CB09E989A}.Release|Any CPU.Build.0 = Release|Any CPU
	EndGlobalSection
	GlobalSection(SolutionProperties) = preSolution
		HideSolutionNode = FALSE
	EndGlobalSection
	GlobalSection(ExtensibilityGlobals) = postSolution
		SolutionGuid = {F883BFD5-909C-4288-A0FD-88FCFFD6418F}
	EndGlobalSection
EndGlobal
