
Microsoft Visual Studio Solution File, Format Version 12.00
# Visual Studio Version 17
VisualStudioVersion = 17.4.33403.182
MinimumVisualStudioVersion = 10.0.40219.1
Project("{FAE04EC0-301F-11D3-BF4B-00C04F79EFBC}") = "MovieLibraryApp", "MovieLibraryApp\MovieLibraryApp.csproj", "{70EF7692-2140-4023-BFDD-05FCEFDD6A3C}"
EndProject
Project("{FAE04EC0-301F-11D3-BF4B-00C04F79EFBC}") = "MovieSerilizationApp", "MovieSerilizationApp\MovieSerilizationApp.csproj", "{76C3E5BC-7967-41D1-BF4C-57EF68816C84}"
EndProject
Global
	GlobalSection(SolutionConfigurationPlatforms) = preSolution
		Debug|Any CPU = Debug|Any CPU
		Release|Any CPU = Release|Any CPU
	EndGlobalSection
	GlobalSection(ProjectConfigurationPlatforms) = postSolution
		{70EF7692-2140-4023-BFDD-05FCEFDD6A3C}.Debug|Any CPU.ActiveCfg = Debug|Any CPU
		{70EF7692-2140-4023-BFDD-05FCEFDD6A3C}.Debug|Any CPU.Build.0 = Debug|Any CPU
		{70EF7692-2140-4023-BFDD-05FCEFDD6A3C}.Release|Any CPU.ActiveCfg = Release|Any CPU
		{70EF7692-2140-4023-BFDD-05FCEFDD6A3C}.Release|Any CPU.Build.0 = Release|Any CPU
		{76C3E5BC-7967-41D1-BF4C-57EF68816C84}.Debug|Any CPU.ActiveCfg = Debug|Any CPU
		{76C3E5BC-7967-41D1-BF4C-57EF68816C84}.Debug|Any CPU.Build.0 = Debug|Any CPU
		{76C3E5BC-7967-41D1-BF4C-57EF68816C84}.Release|Any CPU.ActiveCfg = Release|Any CPU
		{76C3E5BC-7967-41D1-BF4C-57EF68816C84}.Release|Any CPU.Build.0 = Release|Any CPU
	EndGlobalSection
	GlobalSection(SolutionProperties) = preSolution
		HideSolutionNode = FALSE
	EndGlobalSection
	GlobalSection(ExtensibilityGlobals) = postSolution
		SolutionGuid = {8E31F09A-6727-432A-B378-A4E62E1EB528}
	EndGlobalSection
EndGlobal
