
Microsoft Visual Studio Solution File, Format Version 12.00
# Visual Studio Version 17
VisualStudioVersion = 17.4.33403.182
MinimumVisualStudioVersion = 10.0.40219.1
Project("{FAE04EC0-301F-11D3-BF4B-00C04F79EFBC}") = "MovieApplicationApp1", "MovieApplicationApp1.csproj", "{42657522-CF9F-4503-B82F-E683A8D3B2D1}"
EndProject
Global
	GlobalSection(SolutionConfigurationPlatforms) = preSolution
		Debug|Any CPU = Debug|Any CPU
		Release|Any CPU = Release|Any CPU
	EndGlobalSection
	GlobalSection(ProjectConfigurationPlatforms) = postSolution
		{42657522-CF9F-4503-B82F-E683A8D3B2D1}.Debug|Any CPU.ActiveCfg = Debug|Any CPU
		{42657522-CF9F-4503-B82F-E683A8D3B2D1}.Debug|Any CPU.Build.0 = Debug|Any CPU
		{42657522-CF9F-4503-B82F-E683A8D3B2D1}.Release|Any CPU.ActiveCfg = Release|Any CPU
		{42657522-CF9F-4503-B82F-E683A8D3B2D1}.Release|Any CPU.Build.0 = Release|Any CPU
	EndGlobalSection
	GlobalSection(SolutionProperties) = preSolution
		HideSolutionNode = FALSE
	EndGlobalSection
	GlobalSection(ExtensibilityGlobals) = postSolution
		SolutionGuid = {35C34584-5C02-40D9-A5A4-8819C1A1E4C3}
	EndGlobalSection
EndGlobal
