
Microsoft Visual Studio Solution File, Format Version 12.00
# Visual Studio Version 17
VisualStudioVersion = 17.4.33403.182
MinimumVisualStudioVersion = 10.0.40219.1
Project("{FAE04EC0-301F-11D3-BF4B-00C04F79EFBC}") = "RectangleApp", "RectangleApp.csproj", "{C92AF24F-FE8B-4A1F-8061-9852D62027E1}"
EndProject
Global
	GlobalSection(SolutionConfigurationPlatforms) = preSolution
		Debug|Any CPU = Debug|Any CPU
		Release|Any CPU = Release|Any CPU
	EndGlobalSection
	GlobalSection(ProjectConfigurationPlatforms) = postSolution
		{C92AF24F-FE8B-4A1F-8061-9852D62027E1}.Debug|Any CPU.ActiveCfg = Debug|Any CPU
		{C92AF24F-FE8B-4A1F-8061-9852D62027E1}.Debug|Any CPU.Build.0 = Debug|Any CPU
		{C92AF24F-FE8B-4A1F-8061-9852D62027E1}.Release|Any CPU.ActiveCfg = Release|Any CPU
		{C92AF24F-FE8B-4A1F-8061-9852D62027E1}.Release|Any CPU.Build.0 = Release|Any CPU
	EndGlobalSection
	GlobalSection(SolutionProperties) = preSolution
		HideSolutionNode = FALSE
	EndGlobalSection
	GlobalSection(ExtensibilityGlobals) = postSolution
		SolutionGuid = {1160B309-817A-40A9-BB5B-6737F102B786}
	EndGlobalSection
EndGlobal
