
Microsoft Visual Studio Solution File, Format Version 12.00
# Visual Studio Version 17
VisualStudioVersion = 17.4.33403.182
MinimumVisualStudioVersion = 10.0.40219.1
Project("{FAE04EC0-301F-11D3-BF4B-00C04F79EFBC}") = "ConfigureFileDemoApp2", "ConfigureFileDemoApp2.csproj", "{A0739C1C-48BE-4C2F-A4C3-8552A993E3B2}"
EndProject
Global
	GlobalSection(SolutionConfigurationPlatforms) = preSolution
		Debug|Any CPU = Debug|Any CPU
		Release|Any CPU = Release|Any CPU
	EndGlobalSection
	GlobalSection(ProjectConfigurationPlatforms) = postSolution
		{A0739C1C-48BE-4C2F-A4C3-8552A993E3B2}.Debug|Any CPU.ActiveCfg = Debug|Any CPU
		{A0739C1C-48BE-4C2F-A4C3-8552A993E3B2}.Debug|Any CPU.Build.0 = Debug|Any CPU
		{A0739C1C-48BE-4C2F-A4C3-8552A993E3B2}.Release|Any CPU.ActiveCfg = Release|Any CPU
		{A0739C1C-48BE-4C2F-A4C3-8552A993E3B2}.Release|Any CPU.Build.0 = Release|Any CPU
	EndGlobalSection
	GlobalSection(SolutionProperties) = preSolution
		HideSolutionNode = FALSE
	EndGlobalSection
	GlobalSection(ExtensibilityGlobals) = postSolution
		SolutionGuid = {37A65ECA-4A6F-4752-86B4-3080EE446DD2}
	EndGlobalSection
EndGlobal
