
Microsoft Visual Studio Solution File, Format Version 12.00
# Visual Studio Version 17
VisualStudioVersion = 17.4.33403.182
MinimumVisualStudioVersion = 10.0.40219.1
Project("{FAE04EC0-301F-11D3-BF4B-00C04F79EFBC}") = "DynamicArrayApp3", "DynamicArrayApp3.csproj", "{6E88B289-F445-479C-80E3-0E6EB1CDA925}"
EndProject
Global
	GlobalSection(SolutionConfigurationPlatforms) = preSolution
		Debug|Any CPU = Debug|Any CPU
		Release|Any CPU = Release|Any CPU
	EndGlobalSection
	GlobalSection(ProjectConfigurationPlatforms) = postSolution
		{6E88B289-F445-479C-80E3-0E6EB1CDA925}.Debug|Any CPU.ActiveCfg = Debug|Any CPU
		{6E88B289-F445-479C-80E3-0E6EB1CDA925}.Debug|Any CPU.Build.0 = Debug|Any CPU
		{6E88B289-F445-479C-80E3-0E6EB1CDA925}.Release|Any CPU.ActiveCfg = Release|Any CPU
		{6E88B289-F445-479C-80E3-0E6EB1CDA925}.Release|Any CPU.Build.0 = Release|Any CPU
	EndGlobalSection
	GlobalSection(SolutionProperties) = preSolution
		HideSolutionNode = FALSE
	EndGlobalSection
	GlobalSection(ExtensibilityGlobals) = postSolution
		SolutionGuid = {243DF8E2-87B8-40B6-B52D-E84A6871EA7A}
	EndGlobalSection
EndGlobal
