
Microsoft Visual Studio Solution File, Format Version 12.00
# Visual Studio Version 17
VisualStudioVersion = 17.4.33403.182
MinimumVisualStudioVersion = 10.0.40219.1
Project("{FAE04EC0-301F-11D3-BF4B-00C04F79EFBC}") = "SingletonPatternApp", "SingletonPatternApp.csproj", "{9B3ACEB2-B9DF-4361-BA7B-67B8F1DCE3E5}"
EndProject
Project("{FAE04EC0-301F-11D3-BF4B-00C04F79EFBC}") = "SingletonPatternApp1", "..\SingletonPatternApp1\SingletonPatternApp1.csproj", "{3D820D2E-FF22-4961-AFF0-C47AB430E09F}"
EndProject
Global
	GlobalSection(SolutionConfigurationPlatforms) = preSolution
		Debug|Any CPU = Debug|Any CPU
		Release|Any CPU = Release|Any CPU
	EndGlobalSection
	GlobalSection(ProjectConfigurationPlatforms) = postSolution
		{9B3ACEB2-B9DF-4361-BA7B-67B8F1DCE3E5}.Debug|Any CPU.ActiveCfg = Debug|Any CPU
		{9B3ACEB2-B9DF-4361-BA7B-67B8F1DCE3E5}.Debug|Any CPU.Build.0 = Debug|Any CPU
		{9B3ACEB2-B9DF-4361-BA7B-67B8F1DCE3E5}.Release|Any CPU.ActiveCfg = Release|Any CPU
		{9B3ACEB2-B9DF-4361-BA7B-67B8F1DCE3E5}.Release|Any CPU.Build.0 = Release|Any CPU
		{3D820D2E-FF22-4961-AFF0-C47AB430E09F}.Debug|Any CPU.ActiveCfg = Debug|Any CPU
		{3D820D2E-FF22-4961-AFF0-C47AB430E09F}.Debug|Any CPU.Build.0 = Debug|Any CPU
		{3D820D2E-FF22-4961-AFF0-C47AB430E09F}.Release|Any CPU.ActiveCfg = Release|Any CPU
		{3D820D2E-FF22-4961-AFF0-C47AB430E09F}.Release|Any CPU.Build.0 = Release|Any CPU
	EndGlobalSection
	GlobalSection(SolutionProperties) = preSolution
		HideSolutionNode = FALSE
	EndGlobalSection
	GlobalSection(ExtensibilityGlobals) = postSolution
		SolutionGuid = {00025B50-F13B-4D1B-86D3-E9F6E61CD4CE}
	EndGlobalSection
EndGlobal
