
Microsoft Visual Studio Solution File, Format Version 12.00
# Visual Studio Version 17
VisualStudioVersion = 17.4.33403.182
MinimumVisualStudioVersion = 10.0.40219.1
Project("{FAE04EC0-301F-11D3-BF4B-00C04F79EFBC}") = "MovieBusinessLayerLibrary", "MovieBusinessLayerLibrary\MovieBusinessLayerLibrary.csproj", "{3E1B2544-B63C-4EC5-AD0B-3F22D936C5E2}"
EndProject
Project("{FAE04EC0-301F-11D3-BF4B-00C04F79EFBC}") = "MovieConsoleApp", "MovieConsoleApp\MovieConsoleApp.csproj", "{795F6AB3-3165-4F23-BE34-400E6656BE8C}"
EndProject
Global
	GlobalSection(SolutionConfigurationPlatforms) = preSolution
		Debug|Any CPU = Debug|Any CPU
		Release|Any CPU = Release|Any CPU
	EndGlobalSection
	GlobalSection(ProjectConfigurationPlatforms) = postSolution
		{3E1B2544-B63C-4EC5-AD0B-3F22D936C5E2}.Debug|Any CPU.ActiveCfg = Debug|Any CPU
		{3E1B2544-B63C-4EC5-AD0B-3F22D936C5E2}.Debug|Any CPU.Build.0 = Debug|Any CPU
		{3E1B2544-B63C-4EC5-AD0B-3F22D936C5E2}.Release|Any CPU.ActiveCfg = Release|Any CPU
		{3E1B2544-B63C-4EC5-AD0B-3F22D936C5E2}.Release|Any CPU.Build.0 = Release|Any CPU
		{795F6AB3-3165-4F23-BE34-400E6656BE8C}.Debug|Any CPU.ActiveCfg = Debug|Any CPU
		{795F6AB3-3165-4F23-BE34-400E6656BE8C}.Debug|Any CPU.Build.0 = Debug|Any CPU
		{795F6AB3-3165-4F23-BE34-400E6656BE8C}.Release|Any CPU.ActiveCfg = Release|Any CPU
		{795F6AB3-3165-4F23-BE34-400E6656BE8C}.Release|Any CPU.Build.0 = Release|Any CPU
	EndGlobalSection
	GlobalSection(SolutionProperties) = preSolution
		HideSolutionNode = FALSE
	EndGlobalSection
	GlobalSection(ExtensibilityGlobals) = postSolution
		SolutionGuid = {F7D6E17F-A6F4-468C-865F-1FE62AA144C6}
	EndGlobalSection
EndGlobal
