
Microsoft Visual Studio Solution File, Format Version 12.00
# Visual Studio Version 17
VisualStudioVersion = 17.4.33403.182
MinimumVisualStudioVersion = 10.0.40219.1
Project("{FAE04EC0-301F-11D3-BF4B-00C04F79EFBC}") = "AccountEventApp", "AccountEventApp.csproj", "{9B8F679F-B3FD-42B6-A29A-65244F7DF668}"
EndProject
Project("{FAE04EC0-301F-11D3-BF4B-00C04F79EFBC}") = "AccountEventRefactorApp", "..\AccountEventRefactorApp\AccountEventRefactorApp.csproj", "{138DD6D3-8640-41AC-8BA9-A6E55C0A4706}"
EndProject
Global
	GlobalSection(SolutionConfigurationPlatforms) = preSolution
		Debug|Any CPU = Debug|Any CPU
		Release|Any CPU = Release|Any CPU
	EndGlobalSection
	GlobalSection(ProjectConfigurationPlatforms) = postSolution
		{9B8F679F-B3FD-42B6-A29A-65244F7DF668}.Debug|Any CPU.ActiveCfg = Debug|Any CPU
		{9B8F679F-B3FD-42B6-A29A-65244F7DF668}.Debug|Any CPU.Build.0 = Debug|Any CPU
		{9B8F679F-B3FD-42B6-A29A-65244F7DF668}.Release|Any CPU.ActiveCfg = Release|Any CPU
		{9B8F679F-B3FD-42B6-A29A-65244F7DF668}.Release|Any CPU.Build.0 = Release|Any CPU
		{138DD6D3-8640-41AC-8BA9-A6E55C0A4706}.Debug|Any CPU.ActiveCfg = Debug|Any CPU
		{138DD6D3-8640-41AC-8BA9-A6E55C0A4706}.Debug|Any CPU.Build.0 = Debug|Any CPU
		{138DD6D3-8640-41AC-8BA9-A6E55C0A4706}.Release|Any CPU.ActiveCfg = Release|Any CPU
		{138DD6D3-8640-41AC-8BA9-A6E55C0A4706}.Release|Any CPU.Build.0 = Release|Any CPU
	EndGlobalSection
	GlobalSection(SolutionProperties) = preSolution
		HideSolutionNode = FALSE
	EndGlobalSection
	GlobalSection(ExtensibilityGlobals) = postSolution
		SolutionGuid = {911C3869-4977-4F1C-BD72-2F2E49399F5D}
	EndGlobalSection
EndGlobal
