
Microsoft Visual Studio Solution File, Format Version 12.00
# Visual Studio Version 17
VisualStudioVersion = 17.4.33403.182
MinimumVisualStudioVersion = 10.0.40219.1
Project("{FAE04EC0-301F-11D3-BF4B-00C04F79EFBC}") = "FixedCoreLib", "FixedCoreLib.csproj", "{2219357F-5798-48B7-98AF-398C651A24F8}"
EndProject
Project("{FAE04EC0-301F-11D3-BF4B-00C04F79EFBC}") = "AxisBankApp", "..\AxisBankApp\AxisBankApp.csproj", "{2A916270-413C-453F-83B5-CB64F7A4DDDE}"
EndProject
Project("{FAE04EC0-301F-11D3-BF4B-00C04F79EFBC}") = "HdfcBankApp", "..\HdfcBankApp\HdfcBankApp.csproj", "{A3CA0319-4B97-4B54-A0F8-7B6DDB00BAAF}"
EndProject
Global
	GlobalSection(SolutionConfigurationPlatforms) = preSolution
		Debug|Any CPU = Debug|Any CPU
		Release|Any CPU = Release|Any CPU
	EndGlobalSection
	GlobalSection(ProjectConfigurationPlatforms) = postSolution
		{2219357F-5798-48B7-98AF-398C651A24F8}.Debug|Any CPU.ActiveCfg = Debug|Any CPU
		{2219357F-5798-48B7-98AF-398C651A24F8}.Debug|Any CPU.Build.0 = Debug|Any CPU
		{2219357F-5798-48B7-98AF-398C651A24F8}.Release|Any CPU.ActiveCfg = Release|Any CPU
		{2219357F-5798-48B7-98AF-398C651A24F8}.Release|Any CPU.Build.0 = Release|Any CPU
		{2A916270-413C-453F-83B5-CB64F7A4DDDE}.Debug|Any CPU.ActiveCfg = Debug|Any CPU
		{2A916270-413C-453F-83B5-CB64F7A4DDDE}.Debug|Any CPU.Build.0 = Debug|Any CPU
		{2A916270-413C-453F-83B5-CB64F7A4DDDE}.Release|Any CPU.ActiveCfg = Release|Any CPU
		{2A916270-413C-453F-83B5-CB64F7A4DDDE}.Release|Any CPU.Build.0 = Release|Any CPU
		{A3CA0319-4B97-4B54-A0F8-7B6DDB00BAAF}.Debug|Any CPU.ActiveCfg = Debug|Any CPU
		{A3CA0319-4B97-4B54-A0F8-7B6DDB00BAAF}.Debug|Any CPU.Build.0 = Debug|Any CPU
		{A3CA0319-4B97-4B54-A0F8-7B6DDB00BAAF}.Release|Any CPU.ActiveCfg = Release|Any CPU
		{A3CA0319-4B97-4B54-A0F8-7B6DDB00BAAF}.Release|Any CPU.Build.0 = Release|Any CPU
	EndGlobalSection
	GlobalSection(SolutionProperties) = preSolution
		HideSolutionNode = FALSE
	EndGlobalSection
	GlobalSection(ExtensibilityGlobals) = postSolution
		SolutionGuid = {96ECED3B-0BE3-4D85-9FEE-B84B04E056F3}
	EndGlobalSection
EndGlobal
