
Microsoft Visual Studio Solution File, Format Version 12.00
# Visual Studio Version 17
VisualStudioVersion = 17.4.33403.182
MinimumVisualStudioVersion = 10.0.40219.1
Project("{FAE04EC0-301F-11D3-BF4B-00C04F79EFBC}") = "StreamReaderWriterApp", "StreamReaderWriterApp.csproj", "{4401F38F-7C67-4C64-BCC3-AC4D246EA73B}"
EndProject
Global
	GlobalSection(SolutionConfigurationPlatforms) = preSolution
		Debug|Any CPU = Debug|Any CPU
		Release|Any CPU = Release|Any CPU
	EndGlobalSection
	GlobalSection(ProjectConfigurationPlatforms) = postSolution
		{4401F38F-7C67-4C64-BCC3-AC4D246EA73B}.Debug|Any CPU.ActiveCfg = Debug|Any CPU
		{4401F38F-7C67-4C64-BCC3-AC4D246EA73B}.Debug|Any CPU.Build.0 = Debug|Any CPU
		{4401F38F-7C67-4C64-BCC3-AC4D246EA73B}.Release|Any CPU.ActiveCfg = Release|Any CPU
		{4401F38F-7C67-4C64-BCC3-AC4D246EA73B}.Release|Any CPU.Build.0 = Release|Any CPU
	EndGlobalSection
	GlobalSection(SolutionProperties) = preSolution
		HideSolutionNode = FALSE
	EndGlobalSection
	GlobalSection(ExtensibilityGlobals) = postSolution
		SolutionGuid = {1E5C4211-DF6F-43C0-983D-D4DC75482343}
	EndGlobalSection
EndGlobal
