
Microsoft Visual Studio Solution File, Format Version 12.00
# Visual Studio Version 17
VisualStudioVersion = 17.4.33403.182
MinimumVisualStudioVersion = 10.0.40219.1
Project("{FAE04EC0-301F-11D3-BF4B-00C04F79EFBC}") = "PocOnDelegates", "PocOnDelegates.csproj", "{0C900502-EFB2-4574-9EFF-44EA8E10F4EF}"
EndProject
Global
	GlobalSection(SolutionConfigurationPlatforms) = preSolution
		Debug|Any CPU = Debug|Any CPU
		Release|Any CPU = Release|Any CPU
	EndGlobalSection
	GlobalSection(ProjectConfigurationPlatforms) = postSolution
		{0C900502-EFB2-4574-9EFF-44EA8E10F4EF}.Debug|Any CPU.ActiveCfg = Debug|Any CPU
		{0C900502-EFB2-4574-9EFF-44EA8E10F4EF}.Debug|Any CPU.Build.0 = Debug|Any CPU
		{0C900502-EFB2-4574-9EFF-44EA8E10F4EF}.Release|Any CPU.ActiveCfg = Release|Any CPU
		{0C900502-EFB2-4574-9EFF-44EA8E10F4EF}.Release|Any CPU.Build.0 = Release|Any CPU
	EndGlobalSection
	GlobalSection(SolutionProperties) = preSolution
		HideSolutionNode = FALSE
	EndGlobalSection
	GlobalSection(ExtensibilityGlobals) = postSolution
		SolutionGuid = {01343B16-7C8F-4FE6-9F72-6D364F251AA3}
	EndGlobalSection
EndGlobal
