
Microsoft Visual Studio Solution File, Format Version 12.00
# Visual Studio Version 17
VisualStudioVersion = 17.4.33403.182
MinimumVisualStudioVersion = 10.0.40219.1
Project("{9A19103F-16F7-4668-BE54-9A1E7A4F7556}") = "FactoryCoreLib", "FactoryCoreLib\FactoryCoreLib.csproj", "{72AAD500-FE04-41FE-9A2F-FD5CB436F4A5}"
EndProject
Project("{FAE04EC0-301F-11D3-BF4B-00C04F79EFBC}") = "ApplicationLayerApp", "ApplicationLayerApp\ApplicationLayerApp.csproj", "{17D1877E-3A02-4DA4-90E4-3DD325D708EE}"
EndProject
Global
	GlobalSection(SolutionConfigurationPlatforms) = preSolution
		Debug|Any CPU = Debug|Any CPU
		Release|Any CPU = Release|Any CPU
	EndGlobalSection
	GlobalSection(ProjectConfigurationPlatforms) = postSolution
		{72AAD500-FE04-41FE-9A2F-FD5CB436F4A5}.Debug|Any CPU.ActiveCfg = Debug|Any CPU
		{72AAD500-FE04-41FE-9A2F-FD5CB436F4A5}.Debug|Any CPU.Build.0 = Debug|Any CPU
		{72AAD500-FE04-41FE-9A2F-FD5CB436F4A5}.Release|Any CPU.ActiveCfg = Release|Any CPU
		{72AAD500-FE04-41FE-9A2F-FD5CB436F4A5}.Release|Any CPU.Build.0 = Release|Any CPU
		{17D1877E-3A02-4DA4-90E4-3DD325D708EE}.Debug|Any CPU.ActiveCfg = Debug|Any CPU
		{17D1877E-3A02-4DA4-90E4-3DD325D708EE}.Debug|Any CPU.Build.0 = Debug|Any CPU
		{17D1877E-3A02-4DA4-90E4-3DD325D708EE}.Release|Any CPU.ActiveCfg = Release|Any CPU
		{17D1877E-3A02-4DA4-90E4-3DD325D708EE}.Release|Any CPU.Build.0 = Release|Any CPU
	EndGlobalSection
	GlobalSection(SolutionProperties) = preSolution
		HideSolutionNode = FALSE
	EndGlobalSection
	GlobalSection(ExtensibilityGlobals) = postSolution
		SolutionGuid = {BDA1BCA5-927F-498F-A0DE-5782C9CA0421}
	EndGlobalSection
EndGlobal
