
Microsoft Visual Studio Solution File, Format Version 12.00
# Visual Studio Version 17
VisualStudioVersion = 17.4.33403.182
MinimumVisualStudioVersion = 10.0.40219.1
Project("{FAE04EC0-301F-11D3-BF4B-00C04F79EFBC}") = "AccountArrayApp", "AccountArrayApp.csproj", "{50A950EE-4A39-4F97-AFDD-9860CE6E9A3D}"
EndProject
Global
	GlobalSection(SolutionConfigurationPlatforms) = preSolution
		Debug|Any CPU = Debug|Any CPU
		Release|Any CPU = Release|Any CPU
	EndGlobalSection
	GlobalSection(ProjectConfigurationPlatforms) = postSolution
		{50A950EE-4A39-4F97-AFDD-9860CE6E9A3D}.Debug|Any CPU.ActiveCfg = Debug|Any CPU
		{50A950EE-4A39-4F97-AFDD-9860CE6E9A3D}.Debug|Any CPU.Build.0 = Debug|Any CPU
		{50A950EE-4A39-4F97-AFDD-9860CE6E9A3D}.Release|Any CPU.ActiveCfg = Release|Any CPU
		{50A950EE-4A39-4F97-AFDD-9860CE6E9A3D}.Release|Any CPU.Build.0 = Release|Any CPU
	EndGlobalSection
	GlobalSection(SolutionProperties) = preSolution
		HideSolutionNode = FALSE
	EndGlobalSection
	GlobalSection(ExtensibilityGlobals) = postSolution
		SolutionGuid = {63CB923B-46F6-4B73-8F66-15679D0BA466}
	EndGlobalSection
EndGlobal
