
Microsoft Visual Studio Solution File, Format Version 12.00
# Visual Studio Version 17
VisualStudioVersion = 17.4.33403.182
MinimumVisualStudioVersion = 10.0.40219.1
Project("{FAE04EC0-301F-11D3-BF4B-00C04F79EFBC}") = "CustomerLib", "CustomerLib\CustomerLib.csproj", "{703A157C-E157-42C0-B9D9-CA67C879D005}"
EndProject
Project("{FAE04EC0-301F-11D3-BF4B-00C04F79EFBC}") = "CustomerSerializationApp", "CustomerSerializationApp\CustomerSerializationApp.csproj", "{B0933CA9-2CA9-4774-9A9E-07282DE0D85C}"
EndProject
Project("{FAE04EC0-301F-11D3-BF4B-00C04F79EFBC}") = "CustomerDeserializationApp", "CustomerDeserializationApp\CustomerDeserializationApp.csproj", "{CF0C6937-6E08-4F75-8953-A63853CB50A7}"
EndProject
Global
	GlobalSection(SolutionConfigurationPlatforms) = preSolution
		Debug|Any CPU = Debug|Any CPU
		Release|Any CPU = Release|Any CPU
	EndGlobalSection
	GlobalSection(ProjectConfigurationPlatforms) = postSolution
		{703A157C-E157-42C0-B9D9-CA67C879D005}.Debug|Any CPU.ActiveCfg = Debug|Any CPU
		{703A157C-E157-42C0-B9D9-CA67C879D005}.Debug|Any CPU.Build.0 = Debug|Any CPU
		{703A157C-E157-42C0-B9D9-CA67C879D005}.Release|Any CPU.ActiveCfg = Release|Any CPU
		{703A157C-E157-42C0-B9D9-CA67C879D005}.Release|Any CPU.Build.0 = Release|Any CPU
		{B0933CA9-2CA9-4774-9A9E-07282DE0D85C}.Debug|Any CPU.ActiveCfg = Debug|Any CPU
		{B0933CA9-2CA9-4774-9A9E-07282DE0D85C}.Debug|Any CPU.Build.0 = Debug|Any CPU
		{B0933CA9-2CA9-4774-9A9E-07282DE0D85C}.Release|Any CPU.ActiveCfg = Release|Any CPU
		{B0933CA9-2CA9-4774-9A9E-07282DE0D85C}.Release|Any CPU.Build.0 = Release|Any CPU
		{CF0C6937-6E08-4F75-8953-A63853CB50A7}.Debug|Any CPU.ActiveCfg = Debug|Any CPU
		{CF0C6937-6E08-4F75-8953-A63853CB50A7}.Debug|Any CPU.Build.0 = Debug|Any CPU
		{CF0C6937-6E08-4F75-8953-A63853CB50A7}.Release|Any CPU.ActiveCfg = Release|Any CPU
		{CF0C6937-6E08-4F75-8953-A63853CB50A7}.Release|Any CPU.Build.0 = Release|Any CPU
	EndGlobalSection
	GlobalSection(SolutionProperties) = preSolution
		HideSolutionNode = FALSE
	EndGlobalSection
	GlobalSection(ExtensibilityGlobals) = postSolution
		SolutionGuid = {00C14E6F-C002-4F93-91AC-9196B4790E87}
	EndGlobalSection
EndGlobal
