
Microsoft Visual Studio Solution File, Format Version 12.00
# Visual Studio Version 17
VisualStudioVersion = 17.4.33403.182
MinimumVisualStudioVersion = 10.0.40219.1
Project("{FAE04EC0-301F-11D3-BF4B-00C04F79EFBC}") = "CustomerHashSetApp", "CustomerHashSetApp.csproj", "{8775FA54-444A-4F73-B35B-37DF77C07296}"
EndProject
Global
	GlobalSection(SolutionConfigurationPlatforms) = preSolution
		Debug|Any CPU = Debug|Any CPU
		Release|Any CPU = Release|Any CPU
	EndGlobalSection
	GlobalSection(ProjectConfigurationPlatforms) = postSolution
		{8775FA54-444A-4F73-B35B-37DF77C07296}.Debug|Any CPU.ActiveCfg = Debug|Any CPU
		{8775FA54-444A-4F73-B35B-37DF77C07296}.Debug|Any CPU.Build.0 = Debug|Any CPU
		{8775FA54-444A-4F73-B35B-37DF77C07296}.Release|Any CPU.ActiveCfg = Release|Any CPU
		{8775FA54-444A-4F73-B35B-37DF77C07296}.Release|Any CPU.Build.0 = Release|Any CPU
	EndGlobalSection
	GlobalSection(SolutionProperties) = preSolution
		HideSolutionNode = FALSE
	EndGlobalSection
	GlobalSection(ExtensibilityGlobals) = postSolution
		SolutionGuid = {3CD0A647-8EAA-42EA-AB9A-6F3B12D37637}
	EndGlobalSection
EndGlobal
