
Microsoft Visual Studio Solution File, Format Version 12.00
# Visual Studio Version 17
VisualStudioVersion = 17.4.33403.182
MinimumVisualStudioVersion = 10.0.40219.1
Project("{FAE04EC0-301F-11D3-BF4B-00C04F79EFBC}") = "StringImmuteableApp", "StringImmuteableApp.csproj", "{28E7334A-5751-40E5-BCDA-8F280D68605B}"
EndProject
Global
	GlobalSection(SolutionConfigurationPlatforms) = preSolution
		Debug|Any CPU = Debug|Any CPU
		Release|Any CPU = Release|Any CPU
	EndGlobalSection
	GlobalSection(ProjectConfigurationPlatforms) = postSolution
		{28E7334A-5751-40E5-BCDA-8F280D68605B}.Debug|Any CPU.ActiveCfg = Debug|Any CPU
		{28E7334A-5751-40E5-BCDA-8F280D68605B}.Debug|Any CPU.Build.0 = Debug|Any CPU
		{28E7334A-5751-40E5-BCDA-8F280D68605B}.Release|Any CPU.ActiveCfg = Release|Any CPU
		{28E7334A-5751-40E5-BCDA-8F280D68605B}.Release|Any CPU.Build.0 = Release|Any CPU
	EndGlobalSection
	GlobalSection(SolutionProperties) = preSolution
		HideSolutionNode = FALSE
	EndGlobalSection
	GlobalSection(ExtensibilityGlobals) = postSolution
		SolutionGuid = {1CA2377E-FAF9-4E1D-B1E9-34BB845E70BD}
	EndGlobalSection
EndGlobal
