
Microsoft Visual Studio Solution File, Format Version 12.00
# Visual Studio Version 17
VisualStudioVersion = 17.4.33403.182
MinimumVisualStudioVersion = 10.0.40219.1
Project("{FAE04EC0-301F-11D3-BF4B-00C04F79EFBC}") = "TemplateDesignPattern", "TemplateDesignPattern.csproj", "{984425CE-9C80-431B-85E1-708F1BBF47EC}"
EndProject
Global
	GlobalSection(SolutionConfigurationPlatforms) = preSolution
		Debug|Any CPU = Debug|Any CPU
		Release|Any CPU = Release|Any CPU
	EndGlobalSection
	GlobalSection(ProjectConfigurationPlatforms) = postSolution
		{984425CE-9C80-431B-85E1-708F1BBF47EC}.Debug|Any CPU.ActiveCfg = Debug|Any CPU
		{984425CE-9C80-431B-85E1-708F1BBF47EC}.Debug|Any CPU.Build.0 = Debug|Any CPU
		{984425CE-9C80-431B-85E1-708F1BBF47EC}.Release|Any CPU.ActiveCfg = Release|Any CPU
		{984425CE-9C80-431B-85E1-708F1BBF47EC}.Release|Any CPU.Build.0 = Release|Any CPU
	EndGlobalSection
	GlobalSection(SolutionProperties) = preSolution
		HideSolutionNode = FALSE
	EndGlobalSection
	GlobalSection(ExtensibilityGlobals) = postSolution
		SolutionGuid = {E81E872B-90AC-432C-9C9E-7984A4B0E06A}
	EndGlobalSection
EndGlobal
