
Microsoft Visual Studio Solution File, Format Version 12.00
# Visual Studio Version 17
VisualStudioVersion = 17.4.33403.182
MinimumVisualStudioVersion = 10.0.40219.1
Project("{FAE04EC0-301F-11D3-BF4B-00C04F79EFBC}") = "StringLibrary", "StringLibrary\StringLibrary.csproj", "{3FCA4717-A779-412E-A916-FAA85418975C}"
EndProject
Project("{FAE04EC0-301F-11D3-BF4B-00C04F79EFBC}") = "ShowCase", "ShowCase\ShowCase.csproj", "{91F4D89F-F207-4DA8-B661-05932820E554}"
EndProject
Global
	GlobalSection(SolutionConfigurationPlatforms) = preSolution
		Debug|Any CPU = Debug|Any CPU
		Release|Any CPU = Release|Any CPU
	EndGlobalSection
	GlobalSection(ProjectConfigurationPlatforms) = postSolution
		{3FCA4717-A779-412E-A916-FAA85418975C}.Debug|Any CPU.ActiveCfg = Debug|Any CPU
		{3FCA4717-A779-412E-A916-FAA85418975C}.Debug|Any CPU.Build.0 = Debug|Any CPU
		{3FCA4717-A779-412E-A916-FAA85418975C}.Release|Any CPU.ActiveCfg = Release|Any CPU
		{3FCA4717-A779-412E-A916-FAA85418975C}.Release|Any CPU.Build.0 = Release|Any CPU
		{91F4D89F-F207-4DA8-B661-05932820E554}.Debug|Any CPU.ActiveCfg = Debug|Any CPU
		{91F4D89F-F207-4DA8-B661-05932820E554}.Debug|Any CPU.Build.0 = Debug|Any CPU
		{91F4D89F-F207-4DA8-B661-05932820E554}.Release|Any CPU.ActiveCfg = Release|Any CPU
		{91F4D89F-F207-4DA8-B661-05932820E554}.Release|Any CPU.Build.0 = Release|Any CPU
	EndGlobalSection
	GlobalSection(SolutionProperties) = preSolution
		HideSolutionNode = FALSE
	EndGlobalSection
	GlobalSection(ExtensibilityGlobals) = postSolution
		SolutionGuid = {B6728037-C35E-4D05-8E36-2CC305C09141}
	EndGlobalSection
EndGlobal
