
Microsoft Visual Studio Solution File, Format Version 12.00
# Visual Studio Version 17
VisualStudioVersion = 17.4.33403.182
MinimumVisualStudioVersion = 10.0.40219.1
Project("{9A19103F-16F7-4668-BE54-9A1E7A4F7556}") = "MovieLib", "MovieLib\MovieLib.csproj", "{18839CD9-8DFA-4ED7-A779-1E248E93AE5D}"
EndProject
Project("{9A19103F-16F7-4668-BE54-9A1E7A4F7556}") = "MovieConsoleApp", "MovieConsoleApp\MovieConsoleApp.csproj", "{47D1C93F-1C1C-475C-A13A-F8C120295726}"
EndProject
Global
	GlobalSection(SolutionConfigurationPlatforms) = preSolution
		Debug|Any CPU = Debug|Any CPU
		Release|Any CPU = Release|Any CPU
	EndGlobalSection
	GlobalSection(ProjectConfigurationPlatforms) = postSolution
		{18839CD9-8DFA-4ED7-A779-1E248E93AE5D}.Debug|Any CPU.ActiveCfg = Debug|Any CPU
		{18839CD9-8DFA-4ED7-A779-1E248E93AE5D}.Debug|Any CPU.Build.0 = Debug|Any CPU
		{18839CD9-8DFA-4ED7-A779-1E248E93AE5D}.Release|Any CPU.ActiveCfg = Release|Any CPU
		{18839CD9-8DFA-4ED7-A779-1E248E93AE5D}.Release|Any CPU.Build.0 = Release|Any CPU
		{47D1C93F-1C1C-475C-A13A-F8C120295726}.Debug|Any CPU.ActiveCfg = Debug|Any CPU
		{47D1C93F-1C1C-475C-A13A-F8C120295726}.Debug|Any CPU.Build.0 = Debug|Any CPU
		{47D1C93F-1C1C-475C-A13A-F8C120295726}.Release|Any CPU.ActiveCfg = Release|Any CPU
		{47D1C93F-1C1C-475C-A13A-F8C120295726}.Release|Any CPU.Build.0 = Release|Any CPU
	EndGlobalSection
	GlobalSection(SolutionProperties) = preSolution
		HideSolutionNode = FALSE
	EndGlobalSection
	GlobalSection(ExtensibilityGlobals) = postSolution
		SolutionGuid = {03EB7E39-F9D1-4E99-8B70-E2EB83AD69C8}
	EndGlobalSection
EndGlobal
