
Microsoft Visual Studio Solution File, Format Version 12.00
# Visual Studio Version 17
VisualStudioVersion = 17.4.33403.182
MinimumVisualStudioVersion = 10.0.40219.1
Project("{FAE04EC0-301F-11D3-BF4B-00C04F79EFBC}") = "RectanglePropertiesApp", "RectanglePropertiesApp.csproj", "{DAB2F758-ABD3-41EF-B6AB-63AF9889A96D}"
EndProject
Global
	GlobalSection(SolutionConfigurationPlatforms) = preSolution
		Debug|Any CPU = Debug|Any CPU
		Release|Any CPU = Release|Any CPU
	EndGlobalSection
	GlobalSection(ProjectConfigurationPlatforms) = postSolution
		{DAB2F758-ABD3-41EF-B6AB-63AF9889A96D}.Debug|Any CPU.ActiveCfg = Debug|Any CPU
		{DAB2F758-ABD3-41EF-B6AB-63AF9889A96D}.Debug|Any CPU.Build.0 = Debug|Any CPU
		{DAB2F758-ABD3-41EF-B6AB-63AF9889A96D}.Release|Any CPU.ActiveCfg = Release|Any CPU
		{DAB2F758-ABD3-41EF-B6AB-63AF9889A96D}.Release|Any CPU.Build.0 = Release|Any CPU
	EndGlobalSection
	GlobalSection(SolutionProperties) = preSolution
		HideSolutionNode = FALSE
	EndGlobalSection
	GlobalSection(ExtensibilityGlobals) = postSolution
		SolutionGuid = {8D827F3E-9744-43A6-9278-00175CEE5E93}
	EndGlobalSection
EndGlobal
