
Microsoft Visual Studio Solution File, Format Version 12.00
# Visual Studio Version 17
VisualStudioVersion = 17.4.33403.182
MinimumVisualStudioVersion = 10.0.40219.1
Project("{FAE04EC0-301F-11D3-BF4B-00C04F79EFBC}") = "BasicStatsApp", "BasicStatsApp.csproj", "{30781EC8-827E-4DF7-998C-E250C378C4C2}"
EndProject
Global
	GlobalSection(SolutionConfigurationPlatforms) = preSolution
		Debug|Any CPU = Debug|Any CPU
		Release|Any CPU = Release|Any CPU
	EndGlobalSection
	GlobalSection(ProjectConfigurationPlatforms) = postSolution
		{30781EC8-827E-4DF7-998C-E250C378C4C2}.Debug|Any CPU.ActiveCfg = Debug|Any CPU
		{30781EC8-827E-4DF7-998C-E250C378C4C2}.Debug|Any CPU.Build.0 = Debug|Any CPU
		{30781EC8-827E-4DF7-998C-E250C378C4C2}.Release|Any CPU.ActiveCfg = Release|Any CPU
		{30781EC8-827E-4DF7-998C-E250C378C4C2}.Release|Any CPU.Build.0 = Release|Any CPU
	EndGlobalSection
	GlobalSection(SolutionProperties) = preSolution
		HideSolutionNode = FALSE
	EndGlobalSection
	GlobalSection(ExtensibilityGlobals) = postSolution
		SolutionGuid = {0A7F9FB9-4BF2-40CE-BA4C-A8D0C44CE7AC}
	EndGlobalSection
EndGlobal
